
Microsoft Visual Studio Solution File, Format Version 12.00
# Visual Studio 15
VisualStudioVersion = 15.0.27428.2037
MinimumVisualStudioVersion = 10.0.40219.1
Project("{FAE04EC0-301F-11D3-BF4B-00C04F79EFBC}") = "SuperAdventure", "SuperAdventure\SuperAdventure.csproj", "{DF646557-5F6F-49A3-820F-B6D6DB14F96D}"
EndProject
Project("{FAE04EC0-301F-11D3-BF4B-00C04F79EFBC}") = "Engine", "ClassLibrary1\Engine.csproj", "{4D3AF812-CA7D-4F24-B908-F739842CA01E}"
EndProject
Global
	GlobalSection(SolutionConfigurationPlatforms) = preSolution
		Debug|Any CPU = Debug|Any CPU
		Release|Any CPU = Release|Any CPU
	EndGlobalSection
	GlobalSection(ProjectConfigurationPlatforms) = postSolution
		{DF646557-5F6F-49A3-820F-B6D6DB14F96D}.Debug|Any CPU.ActiveCfg = Debug|Any CPU
		{DF646557-5F6F-49A3-820F-B6D6DB14F96D}.Debug|Any CPU.Build.0 = Debug|Any CPU
		{DF646557-5F6F-49A3-820F-B6D6DB14F96D}.Release|Any CPU.ActiveCfg = Release|Any CPU
		{DF646557-5F6F-49A3-820F-B6D6DB14F96D}.Release|Any CPU.Build.0 = Release|Any CPU
		{4D3AF812-CA7D-4F24-B908-F739842CA01E}.Debug|Any CPU.ActiveCfg = Debug|Any CPU
		{4D3AF812-CA7D-4F24-B908-F739842CA01E}.Debug|Any CPU.Build.0 = Debug|Any CPU
		{4D3AF812-CA7D-4F24-B908-F739842CA01E}.Release|Any CPU.ActiveCfg = Release|Any CPU
		{4D3AF812-CA7D-4F24-B908-F739842CA01E}.Release|Any CPU.Build.0 = Release|Any CPU
	EndGlobalSection
	GlobalSection(SolutionProperties) = preSolution
		HideSolutionNode = FALSE
	EndGlobalSection
	GlobalSection(ExtensibilityGlobals) = postSolution
		SolutionGuid = {A087925C-F005-4D06-9E49-59F2B4EEC99D}
	EndGlobalSection
EndGlobal
